
Microsoft Visual Studio Solution File, Format Version 12.00
# Visual Studio Version 16
VisualStudioVersion = 16.0.31624.102
MinimumVisualStudioVersion = 10.0.40219.1
Project("{9A19103F-16F7-4668-BE54-9A1E7A4F7556}") = "MSKFinalProject", "MSKFinalProject.csproj", "{54B26A2A-0DF7-4262-8274-AD7961DB23A1}"
EndProject
Project("{9A19103F-16F7-4668-BE54-9A1E7A4F7556}") = "MonoString", "..\..\Mono_Projects\MonoString\MonoString\MonoString.csproj", "{C8F2E700-7043-4764-8C97-5BD5C16CC829}"
EndProject
Global
	GlobalSection(SolutionConfigurationPlatforms) = preSolution
		Debug|Any CPU = Debug|Any CPU
		Release|Any CPU = Release|Any CPU
	EndGlobalSection
	GlobalSection(ProjectConfigurationPlatforms) = postSolution
		{54B26A2A-0DF7-4262-8274-AD7961DB23A1}.Debug|Any CPU.ActiveCfg = Debug|Any CPU
		{54B26A2A-0DF7-4262-8274-AD7961DB23A1}.Debug|Any CPU.Build.0 = Debug|Any CPU
		{54B26A2A-0DF7-4262-8274-AD7961DB23A1}.Release|Any CPU.ActiveCfg = Release|Any CPU
		{54B26A2A-0DF7-4262-8274-AD7961DB23A1}.Release|Any CPU.Build.0 = Release|Any CPU
		{C8F2E700-7043-4764-8C97-5BD5C16CC829}.Debug|Any CPU.ActiveCfg = Debug|Any CPU
		{C8F2E700-7043-4764-8C97-5BD5C16CC829}.Debug|Any CPU.Build.0 = Debug|Any CPU
		{C8F2E700-7043-4764-8C97-5BD5C16CC829}.Release|Any CPU.ActiveCfg = Release|Any CPU
		{C8F2E700-7043-4764-8C97-5BD5C16CC829}.Release|Any CPU.Build.0 = Release|Any CPU
	EndGlobalSection
	GlobalSection(SolutionProperties) = preSolution
		HideSolutionNode = FALSE
	EndGlobalSection
	GlobalSection(ExtensibilityGlobals) = postSolution
		SolutionGuid = {8047378B-3351-4263-9802-8BC19DD251F1}
	EndGlobalSection
EndGlobal
